// !$*UTF8*$!
{
	archiveVersion = 1;
	classes = {
	};
	objectVersion = 56;
	objects = {

/* Begin PBXBuildFile section */
		048D11A82B10745800F57403 /* PlanView.swift in Sources */ = {isa = PBXBuildFile; fileRef = 048D11A72B10745800F57403 /* PlanView.swift */; };
		048D11AA2B10748D00F57403 /* ShopView.swift in Sources */ = {isa = PBXBuildFile; fileRef = 048D11A92B10748D00F57403 /* ShopView.swift */; };
		04C3D8CC2B1057ED001C28D9 /* IM110CYUTApp.swift in Sources */ = {isa = PBXBuildFile; fileRef = 04C3D8CB2B1057ED001C28D9 /* IM110CYUTApp.swift */; };
		04C3D8CE2B1057ED001C28D9 /* CcontentView.swift in Sources */ = {isa = PBXBuildFile; fileRef = 04C3D8CD2B1057ED001C28D9 /* CcontentView.swift */; };
		04C3D8D02B1057EE001C28D9 /* Assets.xcassets in Resources */ = {isa = PBXBuildFile; fileRef = 04C3D8CF2B1057EE001C28D9 /* Assets.xcassets */; };
		04C3D8D32B1057EE001C28D9 /* Preview Assets.xcassets in Resources */ = {isa = PBXBuildFile; fileRef = 04C3D8D22B1057EE001C28D9 /* Preview Assets.xcassets */; };
		04C3D8D52B1057EE001C28D9 /* Persistence.swift in Sources */ = {isa = PBXBuildFile; fileRef = 04C3D8D42B1057EE001C28D9 /* Persistence.swift */; };
		04C3D8D82B1057EE001C28D9 /* IM110CYUT.xcdatamodeld in Sources */ = {isa = PBXBuildFile; fileRef = 04C3D8D62B1057EE001C28D9 /* IM110CYUT.xcdatamodeld */; };
		04C3D8E22B105910001C28D9 /* FirebaseAnalytics in Frameworks */ = {isa = PBXBuildFile; productRef = 04C3D8E12B105910001C28D9 /* FirebaseAnalytics */; };
		04C3D8E42B105910001C28D9 /* FirebaseAnalyticsOnDeviceConversion in Frameworks */ = {isa = PBXBuildFile; productRef = 04C3D8E32B105910001C28D9 /* FirebaseAnalyticsOnDeviceConversion */; };
		04C3D8E62B105910001C28D9 /* FirebaseAnalyticsSwift in Frameworks */ = {isa = PBXBuildFile; productRef = 04C3D8E52B105910001C28D9 /* FirebaseAnalyticsSwift */; };
		04C3D8E82B105910001C28D9 /* FirebaseAnalyticsWithoutAdIdSupport in Frameworks */ = {isa = PBXBuildFile; productRef = 04C3D8E72B105910001C28D9 /* FirebaseAnalyticsWithoutAdIdSupport */; };
		04C3D8EA2B105910001C28D9 /* FirebaseAppCheck in Frameworks */ = {isa = PBXBuildFile; productRef = 04C3D8E92B105910001C28D9 /* FirebaseAppCheck */; };
		04C3D8ED2B10592A001C28D9 /* FirebaseAuth in Frameworks */ = {isa = PBXBuildFile; productRef = 04C3D8EC2B10592A001C28D9 /* FirebaseAuth */; };
		04C3D8EF2B10592A001C28D9 /* FirebaseDatabase in Frameworks */ = {isa = PBXBuildFile; productRef = 04C3D8EE2B10592A001C28D9 /* FirebaseDatabase */; };
		04C3D8F12B10592A001C28D9 /* FirebaseFirestore in Frameworks */ = {isa = PBXBuildFile; productRef = 04C3D8F02B10592A001C28D9 /* FirebaseFirestore */; };
		04C3D8F32B10592A001C28D9 /* FirebaseStorage in Frameworks */ = {isa = PBXBuildFile; productRef = 04C3D8F22B10592A001C28D9 /* FirebaseStorage */; };
		04C3D9502B10A7F3001C28D9 /* GoogleService-Info.plist in Resources */ = {isa = PBXBuildFile; fileRef = 04C3D94F2B10A7F3001C28D9 /* GoogleService-Info.plist */; };
		04DEF6B82B105BEF00FDDA2C /* Color.xcassets in Resources */ = {isa = PBXBuildFile; fileRef = 04DEF6B72B105BEF00FDDA2C /* Color.xcassets */; };
		04DEF6BD2B105BFF00FDDA2C /* View.swift in Sources */ = {isa = PBXBuildFile; fileRef = 04DEF6BA2B105BFF00FDDA2C /* View.swift */; };
		04DEF6BE2B105BFF00FDDA2C /* String.swift in Sources */ = {isa = PBXBuildFile; fileRef = 04DEF6BB2B105BFF00FDDA2C /* String.swift */; };
		04DEF6BF2B105BFF00FDDA2C /* Healthy.swift in Sources */ = {isa = PBXBuildFile; fileRef = 04DEF6BC2B105BFF00FDDA2C /* Healthy.swift */; };
		04DEF6C32B105C0D00FDDA2C /* Recipe.swift in Sources */ = {isa = PBXBuildFile; fileRef = 04DEF6C12B105C0D00FDDA2C /* Recipe.swift */; };
		04DEF6C42B105C0D00FDDA2C /* ImagePicker.swift in Sources */ = {isa = PBXBuildFile; fileRef = 04DEF6C22B105C0D00FDDA2C /* ImagePicker.swift */; };
		04DEF6CF2B105C1800FDDA2C /* StoRage.swift in Sources */ = {isa = PBXBuildFile; fileRef = 04DEF6C62B105C1800FDDA2C /* StoRage.swift */; };
		04DEF6D02B105C1800FDDA2C /* FireStore.swift in Sources */ = {isa = PBXBuildFile; fileRef = 04DEF6C72B105C1800FDDA2C /* FireStore.swift */; };
		04DEF6D12B105C1800FDDA2C /* Authentication.swift in Sources */ = {isa = PBXBuildFile; fileRef = 04DEF6C82B105C1800FDDA2C /* Authentication.swift */; };
		04DEF6D32B105C1800FDDA2C /* Dynamic.swift in Sources */ = {isa = PBXBuildFile; fileRef = 04DEF6CA2B105C1800FDDA2C /* Dynamic.swift */; };
		04DEF6D42B105C1800FDDA2C /* User.swift in Sources */ = {isa = PBXBuildFile; fileRef = 04DEF6CB2B105C1800FDDA2C /* User.swift */; };
		04DEF6D52B105C1800FDDA2C /* Forum.swift in Sources */ = {isa = PBXBuildFile; fileRef = 04DEF6CC2B105C1800FDDA2C /* Forum.swift */; };
		04DEF6D62B105C1800FDDA2C /* RealTime.swift in Sources */ = {isa = PBXBuildFile; fileRef = 04DEF6CD2B105C1800FDDA2C /* RealTime.swift */; };
		04DEF6D72B105C1800FDDA2C /* Information.swift in Sources */ = {isa = PBXBuildFile; fileRef = 04DEF6CE2B105C1800FDDA2C /* Information.swift */; };
		04DEF6DC2B105C8200FDDA2C /* BMIView.swift in Sources */ = {isa = PBXBuildFile; fileRef = 04DEF6DB2B105C8200FDDA2C /* BMIView.swift */; };
		04DEF6DE2B105C8700FDDA2C /* ContentView.swift in Sources */ = {isa = PBXBuildFile; fileRef = 04DEF6DD2B105C8700FDDA2C /* ContentView.swift */; };
		04DEF6E02B105C8D00FDDA2C /* DynamicView.swift in Sources */ = {isa = PBXBuildFile; fileRef = 04DEF6DF2B105C8D00FDDA2C /* DynamicView.swift */; };
		04DEF6E22B105C9D00FDDA2C /* ForgePasswordView.swift in Sources */ = {isa = PBXBuildFile; fileRef = 04DEF6E12B105C9D00FDDA2C /* ForgePasswordView.swift */; };
		04DEF6E42B105CAD00FDDA2C /* HypertensionView.swift in Sources */ = {isa = PBXBuildFile; fileRef = 04DEF6E32B105CAD00FDDA2C /* HypertensionView.swift */; };
		04DEF6E62B105CB000FDDA2C /* HyperglycemiaView.swift in Sources */ = {isa = PBXBuildFile; fileRef = 04DEF6E52B105CB000FDDA2C /* HyperglycemiaView.swift */; };
		04DEF6E82B105CB400FDDA2C /* HyperlipidemiaView.swift in Sources */ = {isa = PBXBuildFile; fileRef = 04DEF6E72B105CB400FDDA2C /* HyperlipidemiaView.swift */; };
		04DEF6EA2B105CB900FDDA2C /* MyView.swift in Sources */ = {isa = PBXBuildFile; fileRef = 04DEF6E92B105CB900FDDA2C /* MyView.swift */; };
		04DEF6EC2B105CBC00FDDA2C /* MenuView.swift in Sources */ = {isa = PBXBuildFile; fileRef = 04DEF6EB2B105CBC00FDDA2C /* MenuView.swift */; };
		04DEF6EE2B105CC600FDDA2C /* SigninView.swift in Sources */ = {isa = PBXBuildFile; fileRef = 04DEF6ED2B105CC600FDDA2C /* SigninView.swift */; };
		04DEF6F22B105E9300FDDA2C /* SignupView.swift in Sources */ = {isa = PBXBuildFile; fileRef = 04DEF6F12B105E9300FDDA2C /* SignupView.swift */; };
		04DEF6F42B105EAB00FDDA2C /* SpinnerView.swift in Sources */ = {isa = PBXBuildFile; fileRef = 04DEF6F32B105EAB00FDDA2C /* SpinnerView.swift */; };
		04DEF6F92B105EAF00FDDA2C /* MemberButton.swift in Sources */ = {isa = PBXBuildFile; fileRef = 04DEF6F62B105EAF00FDDA2C /* MemberButton.swift */; };
		04DEF6FA2B105EAF00FDDA2C /* TagButton.swift in Sources */ = {isa = PBXBuildFile; fileRef = 04DEF6F72B105EAF00FDDA2C /* TagButton.swift */; };
		04DEF6FB2B105EAF00FDDA2C /* InformationLabel.swift in Sources */ = {isa = PBXBuildFile; fileRef = 04DEF6F82B105EAF00FDDA2C /* InformationLabel.swift */; };
		04DEF6FD2B105EDA00FDDA2C /* HomeView.swift in Sources */ = {isa = PBXBuildFile; fileRef = 04DEF6FC2B105EDA00FDDA2C /* HomeView.swift */; };
/* End PBXBuildFile section */

/* Begin PBXFileReference section */
		048D11A72B10745800F57403 /* PlanView.swift */ = {isa = PBXFileReference; lastKnownFileType = sourcecode.swift; path = PlanView.swift; sourceTree = "<group>"; };
		048D11A92B10748D00F57403 /* ShopView.swift */ = {isa = PBXFileReference; lastKnownFileType = sourcecode.swift; path = ShopView.swift; sourceTree = "<group>"; };
		04C3D8C82B1057ED001C28D9 /* IM110CYUT.app */ = {isa = PBXFileReference; explicitFileType = wrapper.application; includeInIndex = 0; path = IM110CYUT.app; sourceTree = BUILT_PRODUCTS_DIR; };
		04C3D8CB2B1057ED001C28D9 /* IM110CYUTApp.swift */ = {isa = PBXFileReference; lastKnownFileType = sourcecode.swift; path = IM110CYUTApp.swift; sourceTree = "<group>"; };
		04C3D8CD2B1057ED001C28D9 /* CcontentView.swift */ = {isa = PBXFileReference; lastKnownFileType = sourcecode.swift; path = CcontentView.swift; sourceTree = "<group>"; };
		04C3D8CF2B1057EE001C28D9 /* Assets.xcassets */ = {isa = PBXFileReference; lastKnownFileType = folder.assetcatalog; path = Assets.xcassets; sourceTree = "<group>"; };
		04C3D8D22B1057EE001C28D9 /* Preview Assets.xcassets */ = {isa = PBXFileReference; lastKnownFileType = folder.assetcatalog; path = "Preview Assets.xcassets"; sourceTree = "<group>"; };
		04C3D8D42B1057EE001C28D9 /* Persistence.swift */ = {isa = PBXFileReference; lastKnownFileType = sourcecode.swift; path = Persistence.swift; sourceTree = "<group>"; };
		04C3D8D72B1057EE001C28D9 /* IM110CYUT.xcdatamodel */ = {isa = PBXFileReference; lastKnownFileType = wrapper.xcdatamodel; path = IM110CYUT.xcdatamodel; sourceTree = "<group>"; };
		04C3D94F2B10A7F3001C28D9 /* GoogleService-Info.plist */ = {isa = PBXFileReference; fileEncoding = 4; lastKnownFileType = text.plist.xml; path = "GoogleService-Info.plist"; sourceTree = "<group>"; };
		04DEF6B72B105BEF00FDDA2C /* Color.xcassets */ = {isa = PBXFileReference; lastKnownFileType = folder.assetcatalog; path = Color.xcassets; sourceTree = "<group>"; };
		04DEF6BA2B105BFF00FDDA2C /* View.swift */ = {isa = PBXFileReference; fileEncoding = 4; lastKnownFileType = sourcecode.swift; path = View.swift; sourceTree = "<group>"; };
		04DEF6BB2B105BFF00FDDA2C /* String.swift */ = {isa = PBXFileReference; fileEncoding = 4; lastKnownFileType = sourcecode.swift; path = String.swift; sourceTree = "<group>"; };
		04DEF6BC2B105BFF00FDDA2C /* Healthy.swift */ = {isa = PBXFileReference; fileEncoding = 4; lastKnownFileType = sourcecode.swift; path = Healthy.swift; sourceTree = "<group>"; };
		04DEF6C12B105C0D00FDDA2C /* Recipe.swift */ = {isa = PBXFileReference; fileEncoding = 4; lastKnownFileType = sourcecode.swift; path = Recipe.swift; sourceTree = "<group>"; };
		04DEF6C22B105C0D00FDDA2C /* ImagePicker.swift */ = {isa = PBXFileReference; fileEncoding = 4; lastKnownFileType = sourcecode.swift; path = ImagePicker.swift; sourceTree = "<group>"; };
		04DEF6C62B105C1800FDDA2C /* StoRage.swift */ = {isa = PBXFileReference; fileEncoding = 4; lastKnownFileType = sourcecode.swift; path = StoRage.swift; sourceTree = "<group>"; };
		04DEF6C72B105C1800FDDA2C /* FireStore.swift */ = {isa = PBXFileReference; fileEncoding = 4; lastKnownFileType = sourcecode.swift; path = FireStore.swift; sourceTree = "<group>"; };
		04DEF6C82B105C1800FDDA2C /* Authentication.swift */ = {isa = PBXFileReference; fileEncoding = 4; lastKnownFileType = sourcecode.swift; path = Authentication.swift; sourceTree = "<group>"; };
		04DEF6CA2B105C1800FDDA2C /* Dynamic.swift */ = {isa = PBXFileReference; fileEncoding = 4; lastKnownFileType = sourcecode.swift; path = Dynamic.swift; sourceTree = "<group>"; };
		04DEF6CB2B105C1800FDDA2C /* User.swift */ = {isa = PBXFileReference; fileEncoding = 4; lastKnownFileType = sourcecode.swift; path = User.swift; sourceTree = "<group>"; };
		04DEF6CC2B105C1800FDDA2C /* Forum.swift */ = {isa = PBXFileReference; fileEncoding = 4; lastKnownFileType = sourcecode.swift; path = Forum.swift; sourceTree = "<group>"; };
		04DEF6CD2B105C1800FDDA2C /* RealTime.swift */ = {isa = PBXFileReference; fileEncoding = 4; lastKnownFileType = sourcecode.swift; path = RealTime.swift; sourceTree = "<group>"; };
		04DEF6CE2B105C1800FDDA2C /* Information.swift */ = {isa = PBXFileReference; fileEncoding = 4; lastKnownFileType = sourcecode.swift; path = Information.swift; sourceTree = "<group>"; };
		04DEF6DB2B105C8200FDDA2C /* BMIView.swift */ = {isa = PBXFileReference; fileEncoding = 4; lastKnownFileType = sourcecode.swift; path = BMIView.swift; sourceTree = "<group>"; };
		04DEF6DD2B105C8700FDDA2C /* ContentView.swift */ = {isa = PBXFileReference; fileEncoding = 4; lastKnownFileType = sourcecode.swift; path = ContentView.swift; sourceTree = "<group>"; };
		04DEF6DF2B105C8D00FDDA2C /* DynamicView.swift */ = {isa = PBXFileReference; fileEncoding = 4; lastKnownFileType = sourcecode.swift; path = DynamicView.swift; sourceTree = "<group>"; };
		04DEF6E12B105C9D00FDDA2C /* ForgePasswordView.swift */ = {isa = PBXFileReference; fileEncoding = 4; lastKnownFileType = sourcecode.swift; path = ForgePasswordView.swift; sourceTree = "<group>"; };
		04DEF6E32B105CAD00FDDA2C /* HypertensionView.swift */ = {isa = PBXFileReference; fileEncoding = 4; lastKnownFileType = sourcecode.swift; path = HypertensionView.swift; sourceTree = "<group>"; };
		04DEF6E52B105CB000FDDA2C /* HyperglycemiaView.swift */ = {isa = PBXFileReference; fileEncoding = 4; lastKnownFileType = sourcecode.swift; path = HyperglycemiaView.swift; sourceTree = "<group>"; };
		04DEF6E72B105CB400FDDA2C /* HyperlipidemiaView.swift */ = {isa = PBXFileReference; fileEncoding = 4; lastKnownFileType = sourcecode.swift; path = HyperlipidemiaView.swift; sourceTree = "<group>"; };
		04DEF6E92B105CB900FDDA2C /* MyView.swift */ = {isa = PBXFileReference; fileEncoding = 4; lastKnownFileType = sourcecode.swift; path = MyView.swift; sourceTree = "<group>"; };
		04DEF6EB2B105CBC00FDDA2C /* MenuView.swift */ = {isa = PBXFileReference; fileEncoding = 4; lastKnownFileType = sourcecode.swift; path = MenuView.swift; sourceTree = "<group>"; };
		04DEF6ED2B105CC600FDDA2C /* SigninView.swift */ = {isa = PBXFileReference; fileEncoding = 4; lastKnownFileType = sourcecode.swift; path = SigninView.swift; sourceTree = "<group>"; };
		04DEF6F12B105E9300FDDA2C /* SignupView.swift */ = {isa = PBXFileReference; lastKnownFileType = sourcecode.swift; path = SignupView.swift; sourceTree = "<group>"; };
		04DEF6F32B105EAB00FDDA2C /* SpinnerView.swift */ = {isa = PBXFileReference; fileEncoding = 4; lastKnownFileType = sourcecode.swift; path = SpinnerView.swift; sourceTree = "<group>"; };
		04DEF6F62B105EAF00FDDA2C /* MemberButton.swift */ = {isa = PBXFileReference; fileEncoding = 4; lastKnownFileType = sourcecode.swift; path = MemberButton.swift; sourceTree = "<group>"; };
		04DEF6F72B105EAF00FDDA2C /* TagButton.swift */ = {isa = PBXFileReference; fileEncoding = 4; lastKnownFileType = sourcecode.swift; path = TagButton.swift; sourceTree = "<group>"; };
		04DEF6F82B105EAF00FDDA2C /* InformationLabel.swift */ = {isa = PBXFileReference; fileEncoding = 4; lastKnownFileType = sourcecode.swift; path = InformationLabel.swift; sourceTree = "<group>"; };
		04DEF6FC2B105EDA00FDDA2C /* HomeView.swift */ = {isa = PBXFileReference; lastKnownFileType = sourcecode.swift; path = HomeView.swift; sourceTree = "<group>"; };
/* End PBXFileReference section */

/* Begin PBXFrameworksBuildPhase section */
		04C3D8C52B1057ED001C28D9 /* Frameworks */ = {
			isa = PBXFrameworksBuildPhase;
			buildActionMask = 2147483647;
			files = (
				04C3D8E62B105910001C28D9 /* FirebaseAnalyticsSwift in Frameworks */,
				04C3D8ED2B10592A001C28D9 /* FirebaseAuth in Frameworks */,
				04C3D8F32B10592A001C28D9 /* FirebaseStorage in Frameworks */,
				04C3D8E22B105910001C28D9 /* FirebaseAnalytics in Frameworks */,
				04C3D8E42B105910001C28D9 /* FirebaseAnalyticsOnDeviceConversion in Frameworks */,
				04C3D8EA2B105910001C28D9 /* FirebaseAppCheck in Frameworks */,
				04C3D8F12B10592A001C28D9 /* FirebaseFirestore in Frameworks */,
				04C3D8EF2B10592A001C28D9 /* FirebaseDatabase in Frameworks */,
				04C3D8E82B105910001C28D9 /* FirebaseAnalyticsWithoutAdIdSupport in Frameworks */,
			);
			runOnlyForDeploymentPostprocessing = 0;
		};
/* End PBXFrameworksBuildPhase section */

/* Begin PBXGroup section */
		04C3D8BF2B1057ED001C28D9 = {
			isa = PBXGroup;
			children = (
				04C3D94F2B10A7F3001C28D9 /* GoogleService-Info.plist */,
				04C3D8CA2B1057ED001C28D9 /* IM110CYUT */,
				04C3D8C92B1057ED001C28D9 /* Products */,
			);
			sourceTree = "<group>";
		};
		04C3D8C92B1057ED001C28D9 /* Products */ = {
			isa = PBXGroup;
			children = (
				04C3D8C82B1057ED001C28D9 /* IM110CYUT.app */,
			);
			name = Products;
			sourceTree = "<group>";
		};
		04C3D8CA2B1057ED001C28D9 /* IM110CYUT */ = {
			isa = PBXGroup;
			children = (
				04C3D8CB2B1057ED001C28D9 /* IM110CYUTApp.swift */,
				04C3D8CD2B1057ED001C28D9 /* CcontentView.swift */,
				04C3D8CF2B1057EE001C28D9 /* Assets.xcassets */,
				04C3D8D62B1057EE001C28D9 /* IM110CYUT.xcdatamodeld */,
				04DEF6B62B105BE300FDDA2C /* Color */,
				04DEF6B92B105BFF00FDDA2C /* Extension */,
				04DEF6C02B105C0D00FDDA2C /* Function */,
				04DEF6C52B105C1800FDDA2C /* Model */,
				04DEF6DA2B105C6700FDDA2C /* View */,
				04DEF6F52B105EAF00FDDA2C /* ViewModel */,
				04C3D8D12B1057EE001C28D9 /* Preview Content */,
			);
			path = IM110CYUT;
			sourceTree = "<group>";
		};
		04C3D8D12B1057EE001C28D9 /* Preview Content */ = {
			isa = PBXGroup;
			children = (
				04C3D8D22B1057EE001C28D9 /* Preview Assets.xcassets */,
			);
			path = "Preview Content";
			sourceTree = "<group>";
		};
		04DEF6B62B105BE300FDDA2C /* Color */ = {
			isa = PBXGroup;
			children = (
				04DEF6B72B105BEF00FDDA2C /* Color.xcassets */,
			);
			path = Color;
			sourceTree = "<group>";
		};
		04DEF6B92B105BFF00FDDA2C /* Extension */ = {
			isa = PBXGroup;
			children = (
				04DEF6BA2B105BFF00FDDA2C /* View.swift */,
				04DEF6BB2B105BFF00FDDA2C /* String.swift */,
				04DEF6BC2B105BFF00FDDA2C /* Healthy.swift */,
			);
			path = Extension;
			sourceTree = "<group>";
		};
		04DEF6C02B105C0D00FDDA2C /* Function */ = {
			isa = PBXGroup;
			children = (
				04DEF6C12B105C0D00FDDA2C /* Recipe.swift */,
				04DEF6C22B105C0D00FDDA2C /* ImagePicker.swift */,
			);
			path = Function;
			sourceTree = "<group>";
		};
		04DEF6C52B105C1800FDDA2C /* Model */ = {
			isa = PBXGroup;
			children = (
				04DEF6C62B105C1800FDDA2C /* StoRage.swift */,
				04DEF6C72B105C1800FDDA2C /* FireStore.swift */,
				04DEF6C82B105C1800FDDA2C /* Authentication.swift */,
				04C3D8D42B1057EE001C28D9 /* Persistence.swift */,
				04DEF6CA2B105C1800FDDA2C /* Dynamic.swift */,
				04DEF6CB2B105C1800FDDA2C /* User.swift */,
				04DEF6CC2B105C1800FDDA2C /* Forum.swift */,
				04DEF6CD2B105C1800FDDA2C /* RealTime.swift */,
				04DEF6CE2B105C1800FDDA2C /* Information.swift */,
			);
			path = Model;
			sourceTree = "<group>";
		};
		04DEF6DA2B105C6700FDDA2C /* View */ = {
			isa = PBXGroup;
			children = (
				04DEF6DB2B105C8200FDDA2C /* BMIView.swift */,
				04DEF6DD2B105C8700FDDA2C /* ContentView.swift */,
				04DEF6DF2B105C8D00FDDA2C /* DynamicView.swift */,
				04DEF6E12B105C9D00FDDA2C /* ForgePasswordView.swift */,
				04DEF6FC2B105EDA00FDDA2C /* HomeView.swift */,
				04DEF6E32B105CAD00FDDA2C /* HypertensionView.swift */,
				04DEF6E52B105CB000FDDA2C /* HyperglycemiaView.swift */,
				04DEF6E72B105CB400FDDA2C /* HyperlipidemiaView.swift */,
				04DEF6E92B105CB900FDDA2C /* MyView.swift */,
				04DEF6EB2B105CBC00FDDA2C /* MenuView.swift */,
				048D11A72B10745800F57403 /* PlanView.swift */,
				04DEF6ED2B105CC600FDDA2C /* SigninView.swift */,
				048D11A92B10748D00F57403 /* ShopView.swift */,
				04DEF6F12B105E9300FDDA2C /* SignupView.swift */,
				04DEF6F32B105EAB00FDDA2C /* SpinnerView.swift */,
			);
			path = View;
			sourceTree = "<group>";
		};
		04DEF6F52B105EAF00FDDA2C /* ViewModel */ = {
			isa = PBXGroup;
			children = (
				04DEF6F62B105EAF00FDDA2C /* MemberButton.swift */,
				04DEF6F72B105EAF00FDDA2C /* TagButton.swift */,
				04DEF6F82B105EAF00FDDA2C /* InformationLabel.swift */,
			);
			path = ViewModel;
			sourceTree = "<group>";
		};
/* End PBXGroup section */

/* Begin PBXNativeTarget section */
		04C3D8C72B1057ED001C28D9 /* IM110CYUT */ = {
			isa = PBXNativeTarget;
			buildConfigurationList = 04C3D8DB2B1057EE001C28D9 /* Build configuration list for PBXNativeTarget "IM110CYUT" */;
			buildPhases = (
				04C3D8C42B1057ED001C28D9 /* Sources */,
				04C3D8C52B1057ED001C28D9 /* Frameworks */,
				04C3D8C62B1057ED001C28D9 /* Resources */,
			);
			buildRules = (
			);
			dependencies = (
			);
			name = IM110CYUT;
			packageProductDependencies = (
				04C3D8E12B105910001C28D9 /* FirebaseAnalytics */,
				04C3D8E32B105910001C28D9 /* FirebaseAnalyticsOnDeviceConversion */,
				04C3D8E52B105910001C28D9 /* FirebaseAnalyticsSwift */,
				04C3D8E72B105910001C28D9 /* FirebaseAnalyticsWithoutAdIdSupport */,
				04C3D8E92B105910001C28D9 /* FirebaseAppCheck */,
				04C3D8EC2B10592A001C28D9 /* FirebaseAuth */,
				04C3D8EE2B10592A001C28D9 /* FirebaseDatabase */,
				04C3D8F02B10592A001C28D9 /* FirebaseFirestore */,
				04C3D8F22B10592A001C28D9 /* FirebaseStorage */,
			);
			productName = IM110CYUT;
			productReference = 04C3D8C82B1057ED001C28D9 /* IM110CYUT.app */;
			productType = "com.apple.product-type.application";
		};
/* End PBXNativeTarget section */

/* Begin PBXProject section */
		04C3D8C02B1057ED001C28D9 /* Project object */ = {
			isa = PBXProject;
			attributes = {
				BuildIndependentTargetsInParallel = 1;
				LastSwiftUpdateCheck = 1500;
				LastUpgradeCheck = 1500;
				TargetAttributes = {
					04C3D8C72B1057ED001C28D9 = {
						CreatedOnToolsVersion = 15.0.1;
					};
				};
			};
			buildConfigurationList = 04C3D8C32B1057ED001C28D9 /* Build configuration list for PBXProject "IM110CYUT" */;
			compatibilityVersion = "Xcode 14.0";
			developmentRegion = en;
			hasScannedForEncodings = 0;
			knownRegions = (
				en,
				Base,
			);
			mainGroup = 04C3D8BF2B1057ED001C28D9;
			packageReferences = (
				04C3D8E02B105910001C28D9 /* XCRemoteSwiftPackageReference "firebase-ios-sdk" */,
			);
			productRefGroup = 04C3D8C92B1057ED001C28D9 /* Products */;
			projectDirPath = "";
			projectRoot = "";
			targets = (
				04C3D8C72B1057ED001C28D9 /* IM110CYUT */,
			);
		};
/* End PBXProject section */

/* Begin PBXResourcesBuildPhase section */
		04C3D8C62B1057ED001C28D9 /* Resources */ = {
			isa = PBXResourcesBuildPhase;
			buildActionMask = 2147483647;
			files = (
				04C3D8D32B1057EE001C28D9 /* Preview Assets.xcassets in Resources */,
				04C3D9502B10A7F3001C28D9 /* GoogleService-Info.plist in Resources */,
				04DEF6B82B105BEF00FDDA2C /* Color.xcassets in Resources */,
				04C3D8D02B1057EE001C28D9 /* Assets.xcassets in Resources */,
			);
			runOnlyForDeploymentPostprocessing = 0;
		};
/* End PBXResourcesBuildPhase section */

/* Begin PBXSourcesBuildPhase section */
		04C3D8C42B1057ED001C28D9 /* Sources */ = {
			isa = PBXSourcesBuildPhase;
			buildActionMask = 2147483647;
			files = (
				04DEF6D72B105C1800FDDA2C /* Information.swift in Sources */,
				04DEF6BE2B105BFF00FDDA2C /* String.swift in Sources */,
				04C3D8D52B1057EE001C28D9 /* Persistence.swift in Sources */,
				04DEF6DC2B105C8200FDDA2C /* BMIView.swift in Sources */,
				04DEF6E82B105CB400FDDA2C /* HyperlipidemiaView.swift in Sources */,
				04DEF6E62B105CB000FDDA2C /* HyperglycemiaView.swift in Sources */,
				04C3D8CE2B1057ED001C28D9 /* CcontentView.swift in Sources */,
				04DEF6EC2B105CBC00FDDA2C /* MenuView.swift in Sources */,
				04DEF6D32B105C1800FDDA2C /* Dynamic.swift in Sources */,
				04DEF6C42B105C0D00FDDA2C /* ImagePicker.swift in Sources */,
				04DEF6BD2B105BFF00FDDA2C /* View.swift in Sources */,
				048D11A82B10745800F57403 /* PlanView.swift in Sources */,
				04DEF6F92B105EAF00FDDA2C /* MemberButton.swift in Sources */,
				04DEF6F42B105EAB00FDDA2C /* SpinnerView.swift in Sources */,
				04DEF6E02B105C8D00FDDA2C /* DynamicView.swift in Sources */,
				04DEF6F22B105E9300FDDA2C /* SignupView.swift in Sources */,
				04DEF6DE2B105C8700FDDA2C /* ContentView.swift in Sources */,
				04DEF6BF2B105BFF00FDDA2C /* Healthy.swift in Sources */,
				04C3D8CC2B1057ED001C28D9 /* IM110CYUTApp.swift in Sources */,
				04DEF6E22B105C9D00FDDA2C /* ForgePasswordView.swift in Sources */,
				04DEF6D42B105C1800FDDA2C /* User.swift in Sources */,
				04DEF6CF2B105C1800FDDA2C /* StoRage.swift in Sources */,
				04C3D8D82B1057EE001C28D9 /* IM110CYUT.xcdatamodeld in Sources */,
				048D11AA2B10748D00F57403 /* ShopView.swift in Sources */,
				04DEF6D62B105C1800FDDA2C /* RealTime.swift in Sources */,
				04DEF6FB2B105EAF00FDDA2C /* InformationLabel.swift in Sources */,
				04DEF6D02B105C1800FDDA2C /* FireStore.swift in Sources */,
				04DEF6EE2B105CC600FDDA2C /* SigninView.swift in Sources */,
				04DEF6E42B105CAD00FDDA2C /* HypertensionView.swift in Sources */,
				04DEF6FD2B105EDA00FDDA2C /* HomeView.swift in Sources */,
				04DEF6C32B105C0D00FDDA2C /* Recipe.swift in Sources */,
				04DEF6EA2B105CB900FDDA2C /* MyView.swift in Sources */,
				04DEF6FA2B105EAF00FDDA2C /* TagButton.swift in Sources */,
				04DEF6D12B105C1800FDDA2C /* Authentication.swift in Sources */,
				04DEF6D52B105C1800FDDA2C /* Forum.swift in Sources */,
			);
			runOnlyForDeploymentPostprocessing = 0;
		};
/* End PBXSourcesBuildPhase section */

/* Begin XCBuildConfiguration section */
		04C3D8D92B1057EE001C28D9 /* Debug */ = {
			isa = XCBuildConfiguration;
			buildSettings = {
				ALWAYS_SEARCH_USER_PATHS = NO;
				ASSETCATALOG_COMPILER_GENERATE_SWIFT_ASSET_SYMBOL_EXTENSIONS = YES;
				CLANG_ANALYZER_NONNULL = YES;
				CLANG_ANALYZER_NUMBER_OBJECT_CONVERSION = YES_AGGRESSIVE;
				CLANG_CXX_LANGUAGE_STANDARD = "gnu++20";
				CLANG_ENABLE_MODULES = YES;
				CLANG_ENABLE_OBJC_ARC = YES;
				CLANG_ENABLE_OBJC_WEAK = YES;
				CLANG_WARN_BLOCK_CAPTURE_AUTORELEASING = YES;
				CLANG_WARN_BOOL_CONVERSION = YES;
				CLANG_WARN_COMMA = YES;
				CLANG_WARN_CONSTANT_CONVERSION = YES;
				CLANG_WARN_DEPRECATED_OBJC_IMPLEMENTATIONS = YES;
				CLANG_WARN_DIRECT_OBJC_ISA_USAGE = YES_ERROR;
				CLANG_WARN_DOCUMENTATION_COMMENTS = YES;
				CLANG_WARN_EMPTY_BODY = YES;
				CLANG_WARN_ENUM_CONVERSION = YES;
				CLANG_WARN_INFINITE_RECURSION = YES;
				CLANG_WARN_INT_CONVERSION = YES;
				CLANG_WARN_NON_LITERAL_NULL_CONVERSION = YES;
				CLANG_WARN_OBJC_IMPLICIT_RETAIN_SELF = YES;
				CLANG_WARN_OBJC_LITERAL_CONVERSION = YES;
				CLANG_WARN_OBJC_ROOT_CLASS = YES_ERROR;
				CLANG_WARN_QUOTED_INCLUDE_IN_FRAMEWORK_HEADER = YES;
				CLANG_WARN_RANGE_LOOP_ANALYSIS = YES;
				CLANG_WARN_STRICT_PROTOTYPES = YES;
				CLANG_WARN_SUSPICIOUS_MOVE = YES;
				CLANG_WARN_UNGUARDED_AVAILABILITY = YES_AGGRESSIVE;
				CLANG_WARN_UNREACHABLE_CODE = YES;
				CLANG_WARN__DUPLICATE_METHOD_MATCH = YES;
				COPY_PHASE_STRIP = NO;
				DEBUG_INFORMATION_FORMAT = dwarf;
				ENABLE_STRICT_OBJC_MSGSEND = YES;
				ENABLE_TESTABILITY = YES;
				ENABLE_USER_SCRIPT_SANDBOXING = YES;
				GCC_C_LANGUAGE_STANDARD = gnu17;
				GCC_DYNAMIC_NO_PIC = NO;
				GCC_NO_COMMON_BLOCKS = YES;
				GCC_OPTIMIZATION_LEVEL = 0;
				GCC_PREPROCESSOR_DEFINITIONS = (
					"DEBUG=1",
					"$(inherited)",
				);
				GCC_WARN_64_TO_32_BIT_CONVERSION = YES;
				GCC_WARN_ABOUT_RETURN_TYPE = YES_ERROR;
				GCC_WARN_UNDECLARED_SELECTOR = YES;
				GCC_WARN_UNINITIALIZED_AUTOS = YES_AGGRESSIVE;
				GCC_WARN_UNUSED_FUNCTION = YES;
				GCC_WARN_UNUSED_VARIABLE = YES;
				IPHONEOS_DEPLOYMENT_TARGET = 17.0;
				LOCALIZATION_PREFERS_STRING_CATALOGS = YES;
				MTL_ENABLE_DEBUG_INFO = INCLUDE_SOURCE;
				MTL_FAST_MATH = YES;
				ONLY_ACTIVE_ARCH = YES;
				SDKROOT = iphoneos;
				SWIFT_ACTIVE_COMPILATION_CONDITIONS = "DEBUG $(inherited)";
				SWIFT_OPTIMIZATION_LEVEL = "-Onone";
			};
			name = Debug;
		};
		04C3D8DA2B1057EE001C28D9 /* Release */ = {
			isa = XCBuildConfiguration;
			buildSettings = {
				ALWAYS_SEARCH_USER_PATHS = NO;
				ASSETCATALOG_COMPILER_GENERATE_SWIFT_ASSET_SYMBOL_EXTENSIONS = YES;
				CLANG_ANALYZER_NONNULL = YES;
				CLANG_ANALYZER_NUMBER_OBJECT_CONVERSION = YES_AGGRESSIVE;
				CLANG_CXX_LANGUAGE_STANDARD = "gnu++20";
				CLANG_ENABLE_MODULES = YES;
				CLANG_ENABLE_OBJC_ARC = YES;
				CLANG_ENABLE_OBJC_WEAK = YES;
				CLANG_WARN_BLOCK_CAPTURE_AUTORELEASING = YES;
				CLANG_WARN_BOOL_CONVERSION = YES;
				CLANG_WARN_COMMA = YES;
				CLANG_WARN_CONSTANT_CONVERSION = YES;
				CLANG_WARN_DEPRECATED_OBJC_IMPLEMENTATIONS = YES;
				CLANG_WARN_DIRECT_OBJC_ISA_USAGE = YES_ERROR;
				CLANG_WARN_DOCUMENTATION_COMMENTS = YES;
				CLANG_WARN_EMPTY_BODY = YES;
				CLANG_WARN_ENUM_CONVERSION = YES;
				CLANG_WARN_INFINITE_RECURSION = YES;
				CLANG_WARN_INT_CONVERSION = YES;
				CLANG_WARN_NON_LITERAL_NULL_CONVERSION = YES;
				CLANG_WARN_OBJC_IMPLICIT_RETAIN_SELF = YES;
				CLANG_WARN_OBJC_LITERAL_CONVERSION = YES;
				CLANG_WARN_OBJC_ROOT_CLASS = YES_ERROR;
				CLANG_WARN_QUOTED_INCLUDE_IN_FRAMEWORK_HEADER = YES;
				CLANG_WARN_RANGE_LOOP_ANALYSIS = YES;
				CLANG_WARN_STRICT_PROTOTYPES = YES;
				CLANG_WARN_SUSPICIOUS_MOVE = YES;
				CLANG_WARN_UNGUARDED_AVAILABILITY = YES_AGGRESSIVE;
				CLANG_WARN_UNREACHABLE_CODE = YES;
				CLANG_WARN__DUPLICATE_METHOD_MATCH = YES;
				COPY_PHASE_STRIP = NO;
				DEBUG_INFORMATION_FORMAT = "dwarf-with-dsym";
				ENABLE_NS_ASSERTIONS = NO;
				ENABLE_STRICT_OBJC_MSGSEND = YES;
				ENABLE_USER_SCRIPT_SANDBOXING = YES;
				GCC_C_LANGUAGE_STANDARD = gnu17;
				GCC_NO_COMMON_BLOCKS = YES;
				GCC_WARN_64_TO_32_BIT_CONVERSION = YES;
				GCC_WARN_ABOUT_RETURN_TYPE = YES_ERROR;
				GCC_WARN_UNDECLARED_SELECTOR = YES;
				GCC_WARN_UNINITIALIZED_AUTOS = YES_AGGRESSIVE;
				GCC_WARN_UNUSED_FUNCTION = YES;
				GCC_WARN_UNUSED_VARIABLE = YES;
				IPHONEOS_DEPLOYMENT_TARGET = 17.0;
				LOCALIZATION_PREFERS_STRING_CATALOGS = YES;
				MTL_ENABLE_DEBUG_INFO = NO;
				MTL_FAST_MATH = YES;
				SDKROOT = iphoneos;
				SWIFT_COMPILATION_MODE = wholemodule;
				VALIDATE_PRODUCT = YES;
			};
			name = Release;
		};
		04C3D8DC2B1057EE001C28D9 /* Debug */ = {
			isa = XCBuildConfiguration;
			buildSettings = {
				ASSETCATALOG_COMPILER_APPICON_NAME = AppIcon;
				ASSETCATALOG_COMPILER_GLOBAL_ACCENT_COLOR_NAME = AccentColor;
				CODE_SIGN_STYLE = Automatic;
				CURRENT_PROJECT_VERSION = 1;
				DEVELOPMENT_ASSET_PATHS = "\"IM110CYUT/Preview Content\"";
				DEVELOPMENT_TEAM = 5368N29Z5Z;
				ENABLE_PREVIEWS = YES;
				GENERATE_INFOPLIST_FILE = YES;
				INFOPLIST_KEY_UIApplicationSceneManifest_Generation = YES;
				INFOPLIST_KEY_UIApplicationSupportsIndirectInputEvents = YES;
				INFOPLIST_KEY_UILaunchScreen_Generation = YES;
				INFOPLIST_KEY_UISupportedInterfaceOrientations_iPad = "UIInterfaceOrientationPortrait UIInterfaceOrientationPortraitUpsideDown UIInterfaceOrientationLandscapeLeft UIInterfaceOrientationLandscapeRight";
				INFOPLIST_KEY_UISupportedInterfaceOrientations_iPhone = "UIInterfaceOrientationPortrait UIInterfaceOrientationLandscapeLeft UIInterfaceOrientationLandscapeRight";
				LD_RUNPATH_SEARCH_PATHS = (
					"$(inherited)",
					"@executable_path/Frameworks",
				);
				MARKETING_VERSION = 1.0;
				PRODUCT_BUNDLE_IDENTIFIER = IM110CYUT;
				PRODUCT_NAME = "$(TARGET_NAME)";
				SWIFT_EMIT_LOC_STRINGS = YES;
				SWIFT_VERSION = 5.0;
				TARGETED_DEVICE_FAMILY = "1,2";
			};
			name = Debug;
		};
		04C3D8DD2B1057EE001C28D9 /* Release */ = {
			isa = XCBuildConfiguration;
			buildSettings = {
				ASSETCATALOG_COMPILER_APPICON_NAME = AppIcon;
				ASSETCATALOG_COMPILER_GLOBAL_ACCENT_COLOR_NAME = AccentColor;
				CODE_SIGN_STYLE = Automatic;
				CURRENT_PROJECT_VERSION = 1;
				DEVELOPMENT_ASSET_PATHS = "\"IM110CYUT/Preview Content\"";
				DEVELOPMENT_TEAM = WPR9PZZJ8R;
				ENABLE_PREVIEWS = YES;
				GENERATE_INFOPLIST_FILE = YES;
				INFOPLIST_KEY_UIApplicationSceneManifest_Generation = YES;
				INFOPLIST_KEY_UIApplicationSupportsIndirectInputEvents = YES;
				INFOPLIST_KEY_UILaunchScreen_Generation = YES;
				INFOPLIST_KEY_UISupportedInterfaceOrientations_iPad = "UIInterfaceOrientationPortrait UIInterfaceOrientationPortraitUpsideDown UIInterfaceOrientationLandscapeLeft UIInterfaceOrientationLandscapeRight";
				INFOPLIST_KEY_UISupportedInterfaceOrientations_iPhone = "UIInterfaceOrientationPortrait UIInterfaceOrientationLandscapeLeft UIInterfaceOrientationLandscapeRight";
				LD_RUNPATH_SEARCH_PATHS = (
					"$(inherited)",
					"@executable_path/Frameworks",
				);
				MARKETING_VERSION = 1.0;
				PRODUCT_BUNDLE_IDENTIFIER = cyut.IM110CYUT;
				PRODUCT_NAME = "$(TARGET_NAME)";
				SWIFT_EMIT_LOC_STRINGS = YES;
				SWIFT_VERSION = 5.0;
				TARGETED_DEVICE_FAMILY = "1,2";
			};
			name = Release;
		};
/* End XCBuildConfiguration section */

/* Begin XCConfigurationList section */
		04C3D8C32B1057ED001C28D9 /* Build configuration list for PBXProject "IM110CYUT" */ = {
			isa = XCConfigurationList;
			buildConfigurations = (
				04C3D8D92B1057EE001C28D9 /* Debug */,
				04C3D8DA2B1057EE001C28D9 /* Release */,
			);
			defaultConfigurationIsVisible = 0;
			defaultConfigurationName = Release;
		};
		04C3D8DB2B1057EE001C28D9 /* Build configuration list for PBXNativeTarget "IM110CYUT" */ = {
			isa = XCConfigurationList;
			buildConfigurations = (
				04C3D8DC2B1057EE001C28D9 /* Debug */,
				04C3D8DD2B1057EE001C28D9 /* Release */,
			);
			defaultConfigurationIsVisible = 0;
			defaultConfigurationName = Release;
		};
/* End XCConfigurationList section */

/* Begin XCRemoteSwiftPackageReference section */
		04C3D8E02B105910001C28D9 /* XCRemoteSwiftPackageReference "firebase-ios-sdk" */ = {
			isa = XCRemoteSwiftPackageReference;
			repositoryURL = "https://github.com/firebase/firebase-ios-sdk.git";
			requirement = {
				kind = upToNextMajorVersion;
				minimumVersion = 10.18.0;
			};
		};
/* End XCRemoteSwiftPackageReference section */

/* Begin XCSwiftPackageProductDependency section */
		04C3D8E12B105910001C28D9 /* FirebaseAnalytics */ = {
			isa = XCSwiftPackageProductDependency;
			package = 04C3D8E02B105910001C28D9 /* XCRemoteSwiftPackageReference "firebase-ios-sdk" */;
			productName = FirebaseAnalytics;
		};
		04C3D8E32B105910001C28D9 /* FirebaseAnalyticsOnDeviceConversion */ = {
			isa = XCSwiftPackageProductDependency;
			package = 04C3D8E02B105910001C28D9 /* XCRemoteSwiftPackageReference "firebase-ios-sdk" */;
			productName = FirebaseAnalyticsOnDeviceConversion;
		};
		04C3D8E52B105910001C28D9 /* FirebaseAnalyticsSwift */ = {
			isa = XCSwiftPackageProductDependency;
			package = 04C3D8E02B105910001C28D9 /* XCRemoteSwiftPackageReference "firebase-ios-sdk" */;
			productName = FirebaseAnalyticsSwift;
		};
		04C3D8E72B105910001C28D9 /* FirebaseAnalyticsWithoutAdIdSupport */ = {
			isa = XCSwiftPackageProductDependency;
			package = 04C3D8E02B105910001C28D9 /* XCRemoteSwiftPackageReference "firebase-ios-sdk" */;
			productName = FirebaseAnalyticsWithoutAdIdSupport;
		};
		04C3D8E92B105910001C28D9 /* FirebaseAppCheck */ = {
			isa = XCSwiftPackageProductDependency;
			package = 04C3D8E02B105910001C28D9 /* XCRemoteSwiftPackageReference "firebase-ios-sdk" */;
			productName = FirebaseAppCheck;
		};
		04C3D8EC2B10592A001C28D9 /* FirebaseAuth */ = {
			isa = XCSwiftPackageProductDependency;
			package = 04C3D8E02B105910001C28D9 /* XCRemoteSwiftPackageReference "firebase-ios-sdk" */;
			productName = FirebaseAuth;
		};
		04C3D8EE2B10592A001C28D9 /* FirebaseDatabase */ = {
			isa = XCSwiftPackageProductDependency;
			package = 04C3D8E02B105910001C28D9 /* XCRemoteSwiftPackageReference "firebase-ios-sdk" */;
			productName = FirebaseDatabase;
		};
		04C3D8F02B10592A001C28D9 /* FirebaseFirestore */ = {
			isa = XCSwiftPackageProductDependency;
			package = 04C3D8E02B105910001C28D9 /* XCRemoteSwiftPackageReference "firebase-ios-sdk" */;
			productName = FirebaseFirestore;
		};
		04C3D8F22B10592A001C28D9 /* FirebaseStorage */ = {
			isa = XCSwiftPackageProductDependency;
			package = 04C3D8E02B105910001C28D9 /* XCRemoteSwiftPackageReference "firebase-ios-sdk" */;
			productName = FirebaseStorage;
		};
/* End XCSwiftPackageProductDependency section */

/* Begin XCVersionGroup section */
		04C3D8D62B1057EE001C28D9 /* IM110CYUT.xcdatamodeld */ = {
			isa = XCVersionGroup;
			children = (
				04C3D8D72B1057EE001C28D9 /* IM110CYUT.xcdatamodel */,
			);
			currentVersion = 04C3D8D72B1057EE001C28D9 /* IM110CYUT.xcdatamodel */;
			path = IM110CYUT.xcdatamodeld;
			sourceTree = "<group>";
			versionGroupType = wrapper.xcdatamodel;
		};
/* End XCVersionGroup section */
	};
	rootObject = 04C3D8C02B1057ED001C28D9 /* Project object */;
}
